
Microsoft Visual Studio Solution File, Format Version 12.00
# Visual Studio Version 17
VisualStudioVersion = 17.0.31912.275
MinimumVisualStudioVersion = 10.0.40219.1
Project("{9A19103F-16F7-4668-BE54-9A1E7A4F7556}") = "Finance.Misc", "Finance.Misc\Finance.Misc.csproj", "{655C9A27-CF80-4587-8F4E-21125A9A411E}"
EndProject
Project("{9A19103F-16F7-4668-BE54-9A1E7A4F7556}") = "Finance.Api", "Finance.Api\Finance.Api.csproj", "{E5428F47-37EF-45C2-81FC-7FDD5DD25165}"
EndProject
Project("{9A19103F-16F7-4668-BE54-9A1E7A4F7556}") = "Finance.Storage", "Finance.Storage\Finance.Storage.csproj", "{F08A9B31-374F-4F1F-A823-04E079D30D6B}"
EndProject
Project("{9A19103F-16F7-4668-BE54-9A1E7A4F7556}") = "Functions", "Functions\Functions.csproj", "{0C6F5CD0-ACB1-4850-A7C8-232DA3D56977}"
EndProject
Project("{2150E333-8FDC-42A3-9474-1A3956D46DE8}") = "Workers", "Workers", "{EF995049-0821-4B8C-A460-1FA212591E3E}"
EndProject
Project("{2150E333-8FDC-42A3-9474-1A3956D46DE8}") = "Tests", "Tests", "{D94C0CDD-C730-44D0-9A43-81475CF5AAA1}"
EndProject
Project("{9A19103F-16F7-4668-BE54-9A1E7A4F7556}") = "Finance.Api.Domain.Tests", "Finance.Api.Domain.Tests\Finance.Api.Domain.Tests.csproj", "{2A515445-DABC-45D1-9D93-55D4BF1E0DF1}"
EndProject
Project("{9A19103F-16F7-4668-BE54-9A1E7A4F7556}") = "Finance.Integration.Tests", "Finance.Integration.Tests\Finance.Integration.Tests.csproj", "{1370442C-CAC2-44BE-891F-7B83F4565E23}"
EndProject
Project("{9A19103F-16F7-4668-BE54-9A1E7A4F7556}") = "Finance.Worker.Import", "Finance.Worker.Import\Finance.Worker.Import.csproj", "{AAD1FE49-1B6E-48C1-81E6-C567D3F881DD}"
EndProject
Project("{2150E333-8FDC-42A3-9474-1A3956D46DE8}") = "Core", "Core", "{3DFF76A7-0A31-49F5-B1DD-A5CB0DA5FAE9}"
EndProject
Project("{9A19103F-16F7-4668-BE54-9A1E7A4F7556}") = "Finance.Domain", "Finance.Domain\Finance.Domain.csproj", "{D7114134-9437-4994-B3D1-677774351ECE}"
EndProject
Project("{9A19103F-16F7-4668-BE54-9A1E7A4F7556}") = "Finance.Application", "Finance.Application\Finance.Application.csproj", "{E45A967C-66E7-4BC1-8624-15BBC3411A4F}"
EndProject
Project("{2150E333-8FDC-42A3-9474-1A3956D46DE8}") = "Infrastructure", "Infrastructure", "{3CFA9191-D4BE-4960-8AFC-50BDB8D3B139}"
EndProject
Project("{FAE04EC0-301F-11D3-BF4B-00C04F79EFBC}") = "Finance.Infrastructure", "Finance.Infrastructure\Finance.Infrastructure.csproj", "{3E2BF5A9-E4EE-4381-B246-83392220F6A3}"
EndProject
Project("{2150E333-8FDC-42A3-9474-1A3956D46DE8}") = "Solution Items", "Solution Items", "{0D78B332-5787-4BBF-ADBE-115BA504055E}"
	ProjectSection(SolutionItems) = preProject
		.editorconfig = .editorconfig
	EndProjectSection
EndProject
Project("{2150E333-8FDC-42A3-9474-1A3956D46DE8}") = "API", "API", "{63584381-7F7A-4704-8BE2-96A6AE9FE86E}"
EndProject
Global
	GlobalSection(SolutionConfigurationPlatforms) = preSolution
		Debug|Any CPU = Debug|Any CPU
		Release|Any CPU = Release|Any CPU
	EndGlobalSection
	GlobalSection(ProjectConfigurationPlatforms) = postSolution
		{655C9A27-CF80-4587-8F4E-21125A9A411E}.Debug|Any CPU.ActiveCfg = Debug|Any CPU
		{655C9A27-CF80-4587-8F4E-21125A9A411E}.Debug|Any CPU.Build.0 = Debug|Any CPU
		{655C9A27-CF80-4587-8F4E-21125A9A411E}.Release|Any CPU.ActiveCfg = Release|Any CPU
		{655C9A27-CF80-4587-8F4E-21125A9A411E}.Release|Any CPU.Build.0 = Release|Any CPU
		{E5428F47-37EF-45C2-81FC-7FDD5DD25165}.Debug|Any CPU.ActiveCfg = Debug|Any CPU
		{E5428F47-37EF-45C2-81FC-7FDD5DD25165}.Debug|Any CPU.Build.0 = Debug|Any CPU
		{E5428F47-37EF-45C2-81FC-7FDD5DD25165}.Release|Any CPU.ActiveCfg = Release|Any CPU
		{E5428F47-37EF-45C2-81FC-7FDD5DD25165}.Release|Any CPU.Build.0 = Release|Any CPU
		{F08A9B31-374F-4F1F-A823-04E079D30D6B}.Debug|Any CPU.ActiveCfg = Debug|Any CPU
		{F08A9B31-374F-4F1F-A823-04E079D30D6B}.Debug|Any CPU.Build.0 = Debug|Any CPU
		{F08A9B31-374F-4F1F-A823-04E079D30D6B}.Release|Any CPU.ActiveCfg = Release|Any CPU
		{F08A9B31-374F-4F1F-A823-04E079D30D6B}.Release|Any CPU.Build.0 = Release|Any CPU
		{0C6F5CD0-ACB1-4850-A7C8-232DA3D56977}.Debug|Any CPU.ActiveCfg = Debug|Any CPU
		{0C6F5CD0-ACB1-4850-A7C8-232DA3D56977}.Debug|Any CPU.Build.0 = Debug|Any CPU
		{0C6F5CD0-ACB1-4850-A7C8-232DA3D56977}.Release|Any CPU.ActiveCfg = Release|Any CPU
		{0C6F5CD0-ACB1-4850-A7C8-232DA3D56977}.Release|Any CPU.Build.0 = Release|Any CPU
		{2A515445-DABC-45D1-9D93-55D4BF1E0DF1}.Debug|Any CPU.ActiveCfg = Debug|Any CPU
		{2A515445-DABC-45D1-9D93-55D4BF1E0DF1}.Debug|Any CPU.Build.0 = Debug|Any CPU
		{2A515445-DABC-45D1-9D93-55D4BF1E0DF1}.Release|Any CPU.ActiveCfg = Release|Any CPU
		{2A515445-DABC-45D1-9D93-55D4BF1E0DF1}.Release|Any CPU.Build.0 = Release|Any CPU
		{1370442C-CAC2-44BE-891F-7B83F4565E23}.Debug|Any CPU.ActiveCfg = Debug|Any CPU
		{1370442C-CAC2-44BE-891F-7B83F4565E23}.Debug|Any CPU.Build.0 = Debug|Any CPU
		{1370442C-CAC2-44BE-891F-7B83F4565E23}.Release|Any CPU.ActiveCfg = Release|Any CPU
		{1370442C-CAC2-44BE-891F-7B83F4565E23}.Release|Any CPU.Build.0 = Release|Any CPU
		{AAD1FE49-1B6E-48C1-81E6-C567D3F881DD}.Debug|Any CPU.ActiveCfg = Debug|Any CPU
		{AAD1FE49-1B6E-48C1-81E6-C567D3F881DD}.Debug|Any CPU.Build.0 = Debug|Any CPU
		{AAD1FE49-1B6E-48C1-81E6-C567D3F881DD}.Release|Any CPU.ActiveCfg = Release|Any CPU
		{AAD1FE49-1B6E-48C1-81E6-C567D3F881DD}.Release|Any CPU.Build.0 = Release|Any CPU
		{D7114134-9437-4994-B3D1-677774351ECE}.Debug|Any CPU.ActiveCfg = Debug|Any CPU
		{D7114134-9437-4994-B3D1-677774351ECE}.Debug|Any CPU.Build.0 = Debug|Any CPU
		{D7114134-9437-4994-B3D1-677774351ECE}.Release|Any CPU.ActiveCfg = Release|Any CPU
		{D7114134-9437-4994-B3D1-677774351ECE}.Release|Any CPU.Build.0 = Release|Any CPU
		{E45A967C-66E7-4BC1-8624-15BBC3411A4F}.Debug|Any CPU.ActiveCfg = Debug|Any CPU
		{E45A967C-66E7-4BC1-8624-15BBC3411A4F}.Debug|Any CPU.Build.0 = Debug|Any CPU
		{E45A967C-66E7-4BC1-8624-15BBC3411A4F}.Release|Any CPU.ActiveCfg = Release|Any CPU
		{E45A967C-66E7-4BC1-8624-15BBC3411A4F}.Release|Any CPU.Build.0 = Release|Any CPU
		{3E2BF5A9-E4EE-4381-B246-83392220F6A3}.Debug|Any CPU.ActiveCfg = Debug|Any CPU
		{3E2BF5A9-E4EE-4381-B246-83392220F6A3}.Debug|Any CPU.Build.0 = Debug|Any CPU
		{3E2BF5A9-E4EE-4381-B246-83392220F6A3}.Release|Any CPU.ActiveCfg = Release|Any CPU
		{3E2BF5A9-E4EE-4381-B246-83392220F6A3}.Release|Any CPU.Build.0 = Release|Any CPU
	EndGlobalSection
	GlobalSection(SolutionProperties) = preSolution
		HideSolutionNode = FALSE
	EndGlobalSection
	GlobalSection(NestedProjects) = preSolution
		{E5428F47-37EF-45C2-81FC-7FDD5DD25165} = {63584381-7F7A-4704-8BE2-96A6AE9FE86E}
		{2A515445-DABC-45D1-9D93-55D4BF1E0DF1} = {D94C0CDD-C730-44D0-9A43-81475CF5AAA1}
		{1370442C-CAC2-44BE-891F-7B83F4565E23} = {D94C0CDD-C730-44D0-9A43-81475CF5AAA1}
		{AAD1FE49-1B6E-48C1-81E6-C567D3F881DD} = {EF995049-0821-4B8C-A460-1FA212591E3E}
		{D7114134-9437-4994-B3D1-677774351ECE} = {3DFF76A7-0A31-49F5-B1DD-A5CB0DA5FAE9}
		{E45A967C-66E7-4BC1-8624-15BBC3411A4F} = {3DFF76A7-0A31-49F5-B1DD-A5CB0DA5FAE9}
		{3E2BF5A9-E4EE-4381-B246-83392220F6A3} = {3CFA9191-D4BE-4960-8AFC-50BDB8D3B139}
	EndGlobalSection
	GlobalSection(ExtensibilityGlobals) = postSolution
		SolutionGuid = {8255775F-AAB7-4FB2-9075-6FAD66AEB9FB}
	EndGlobalSection
EndGlobal
